
Microsoft Visual Studio Solution File, Format Version 12.00
# Visual Studio Version 17
VisualStudioVersion = 17.10.35013.160
MinimumVisualStudioVersion = 10.0.40219.1
Project("{9A19103F-16F7-4668-BE54-9A1E7A4F7556}") = "Parsing", "Parsing\Parsing.csproj", "{EBFE945D-198F-4713-9EA1-362AB3CAFE5D}"
EndProject
Project("{9A19103F-16F7-4668-BE54-9A1E7A4F7556}") = "Loops", "Loops\Loops.csproj", "{AB30C6CB-59CC-429A-A623-1973B55DD6E9}"
EndProject
Project("{9A19103F-16F7-4668-BE54-9A1E7A4F7556}") = "Heap Demo", "CPU\Heap Demo.csproj", "{E74B1522-DF7A-4A08-AB5A-6D469B8B6901}"
EndProject
Project("{9A19103F-16F7-4668-BE54-9A1E7A4F7556}") = "MemoryAllocationDemo", "MemoryAllocationDemo\MemoryAllocationDemo.csproj", "{40364C08-662C-464A-A8C8-2DE5FD9F5A53}"
EndProject
Project("{9A19103F-16F7-4668-BE54-9A1E7A4F7556}") = "Null_Ref", "Null_Ref\Null_Ref.csproj", "{5563B8D3-ADAA-47F3-B8A6-D3284D98C6D8}"
EndProject
Project("{9A19103F-16F7-4668-BE54-9A1E7A4F7556}") = "Static", "Static\Static.csproj", "{FB3DC258-92E9-45F2-8DFA-A3A8C2042E15}"
EndProject
Project("{9A19103F-16F7-4668-BE54-9A1E7A4F7556}") = "Structs", "Structs\Structs.csproj", "{B1843020-065E-469A-9242-A2126232C114}"
EndProject
Project("{9A19103F-16F7-4668-BE54-9A1E7A4F7556}") = "Records", "Records\Records.csproj", "{6F68F4EC-56E1-4C96-91D4-AEAC057E7DDC}"
EndProject
Project("{9A19103F-16F7-4668-BE54-9A1E7A4F7556}") = "Random", "Random\Random.csproj", "{0A3B6EEE-205E-4856-80F7-CC2B86A00A5D}"
EndProject
Project("{9A19103F-16F7-4668-BE54-9A1E7A4F7556}") = "StringBuilder", "StringBuilder\StringBuilder.csproj", "{CF0D353A-6292-4AB7-ABCD-8E4829AB4ACA}"
EndProject
Project("{9A19103F-16F7-4668-BE54-9A1E7A4F7556}") = "Tuples", "Tuples\Tuples.csproj", "{4CEADC6C-70E9-4425-AEC5-356DF9E30A76}"
EndProject
Project("{9A19103F-16F7-4668-BE54-9A1E7A4F7556}") = "Exceptions", "Exceptions\Exceptions.csproj", "{4D87C79F-3A75-4787-BB0A-2546C04D00E3}"
EndProject
Project("{9A19103F-16F7-4668-BE54-9A1E7A4F7556}") = "Exceptions Demo", "Exceptions Demo\Exceptions Demo.csproj", "{BB129DB4-1AD9-4E21-820F-EB972109126F}"
EndProject
Project("{9A19103F-16F7-4668-BE54-9A1E7A4F7556}") = "Try Catch Finaly Demo", "Try Catch Finaly Demo\Try Catch Finaly Demo.csproj", "{7E7B966E-17C4-4EE9-BDE6-60102FE7C9E4}"
EndProject
Project("{9A19103F-16F7-4668-BE54-9A1E7A4F7556}") = "Pattern Matching", "Pattern Matching\Pattern Matching.csproj", "{2A163ED0-4ED7-4D1B-9F90-20FD5F2F2C66}"
EndProject
Project("{9A19103F-16F7-4668-BE54-9A1E7A4F7556}") = "Pattern Matching nested", "Pattern Matching nested\Pattern Matching nested.csproj", "{74F8ACF9-9FD4-4B1B-A4BE-B854DDE06B00}"
EndProject
Project("{9A19103F-16F7-4668-BE54-9A1E7A4F7556}") = "Pattern Matching types", "Pattern Matching types\Pattern Matching types.csproj", "{48AC9FE3-FA76-4577-84F7-EBDF103970CB}"
EndProject
Project("{9A19103F-16F7-4668-BE54-9A1E7A4F7556}") = "Patternmatching Gruppövning", "Patternmatching Gruppövning\Patternmatching Gruppövning.csproj", "{31730CFD-92A5-43F5-9301-87AB28A76895}"
EndProject
Project("{FAE04EC0-301F-11D3-BF4B-00C04F79EFBC}") = "Query Expressions Gruppövning", "Query Expressions Gruppövning\Query Expressions Gruppövning.csproj", "{146A26AE-53FE-4799-92BA-06D2716A39DC}"
EndProject
Global
	GlobalSection(SolutionConfigurationPlatforms) = preSolution
		Debug|Any CPU = Debug|Any CPU
		Release|Any CPU = Release|Any CPU
	EndGlobalSection
	GlobalSection(ProjectConfigurationPlatforms) = postSolution
		{EBFE945D-198F-4713-9EA1-362AB3CAFE5D}.Debug|Any CPU.ActiveCfg = Debug|Any CPU
		{EBFE945D-198F-4713-9EA1-362AB3CAFE5D}.Debug|Any CPU.Build.0 = Debug|Any CPU
		{EBFE945D-198F-4713-9EA1-362AB3CAFE5D}.Release|Any CPU.ActiveCfg = Release|Any CPU
		{EBFE945D-198F-4713-9EA1-362AB3CAFE5D}.Release|Any CPU.Build.0 = Release|Any CPU
		{AB30C6CB-59CC-429A-A623-1973B55DD6E9}.Debug|Any CPU.ActiveCfg = Debug|Any CPU
		{AB30C6CB-59CC-429A-A623-1973B55DD6E9}.Debug|Any CPU.Build.0 = Debug|Any CPU
		{AB30C6CB-59CC-429A-A623-1973B55DD6E9}.Release|Any CPU.ActiveCfg = Release|Any CPU
		{AB30C6CB-59CC-429A-A623-1973B55DD6E9}.Release|Any CPU.Build.0 = Release|Any CPU
		{E74B1522-DF7A-4A08-AB5A-6D469B8B6901}.Debug|Any CPU.ActiveCfg = Debug|Any CPU
		{E74B1522-DF7A-4A08-AB5A-6D469B8B6901}.Debug|Any CPU.Build.0 = Debug|Any CPU
		{E74B1522-DF7A-4A08-AB5A-6D469B8B6901}.Release|Any CPU.ActiveCfg = Release|Any CPU
		{E74B1522-DF7A-4A08-AB5A-6D469B8B6901}.Release|Any CPU.Build.0 = Release|Any CPU
		{40364C08-662C-464A-A8C8-2DE5FD9F5A53}.Debug|Any CPU.ActiveCfg = Debug|Any CPU
		{40364C08-662C-464A-A8C8-2DE5FD9F5A53}.Debug|Any CPU.Build.0 = Debug|Any CPU
		{40364C08-662C-464A-A8C8-2DE5FD9F5A53}.Release|Any CPU.ActiveCfg = Release|Any CPU
		{40364C08-662C-464A-A8C8-2DE5FD9F5A53}.Release|Any CPU.Build.0 = Release|Any CPU
		{5563B8D3-ADAA-47F3-B8A6-D3284D98C6D8}.Debug|Any CPU.ActiveCfg = Debug|Any CPU
		{5563B8D3-ADAA-47F3-B8A6-D3284D98C6D8}.Debug|Any CPU.Build.0 = Debug|Any CPU
		{5563B8D3-ADAA-47F3-B8A6-D3284D98C6D8}.Release|Any CPU.ActiveCfg = Release|Any CPU
		{5563B8D3-ADAA-47F3-B8A6-D3284D98C6D8}.Release|Any CPU.Build.0 = Release|Any CPU
		{FB3DC258-92E9-45F2-8DFA-A3A8C2042E15}.Debug|Any CPU.ActiveCfg = Debug|Any CPU
		{FB3DC258-92E9-45F2-8DFA-A3A8C2042E15}.Debug|Any CPU.Build.0 = Debug|Any CPU
		{FB3DC258-92E9-45F2-8DFA-A3A8C2042E15}.Release|Any CPU.ActiveCfg = Release|Any CPU
		{FB3DC258-92E9-45F2-8DFA-A3A8C2042E15}.Release|Any CPU.Build.0 = Release|Any CPU
		{B1843020-065E-469A-9242-A2126232C114}.Debug|Any CPU.ActiveCfg = Debug|Any CPU
		{B1843020-065E-469A-9242-A2126232C114}.Debug|Any CPU.Build.0 = Debug|Any CPU
		{B1843020-065E-469A-9242-A2126232C114}.Release|Any CPU.ActiveCfg = Release|Any CPU
		{B1843020-065E-469A-9242-A2126232C114}.Release|Any CPU.Build.0 = Release|Any CPU
		{6F68F4EC-56E1-4C96-91D4-AEAC057E7DDC}.Debug|Any CPU.ActiveCfg = Debug|Any CPU
		{6F68F4EC-56E1-4C96-91D4-AEAC057E7DDC}.Debug|Any CPU.Build.0 = Debug|Any CPU
		{6F68F4EC-56E1-4C96-91D4-AEAC057E7DDC}.Release|Any CPU.ActiveCfg = Release|Any CPU
		{6F68F4EC-56E1-4C96-91D4-AEAC057E7DDC}.Release|Any CPU.Build.0 = Release|Any CPU
		{0A3B6EEE-205E-4856-80F7-CC2B86A00A5D}.Debug|Any CPU.ActiveCfg = Debug|Any CPU
		{0A3B6EEE-205E-4856-80F7-CC2B86A00A5D}.Debug|Any CPU.Build.0 = Debug|Any CPU
		{0A3B6EEE-205E-4856-80F7-CC2B86A00A5D}.Release|Any CPU.ActiveCfg = Release|Any CPU
		{0A3B6EEE-205E-4856-80F7-CC2B86A00A5D}.Release|Any CPU.Build.0 = Release|Any CPU
		{CF0D353A-6292-4AB7-ABCD-8E4829AB4ACA}.Debug|Any CPU.ActiveCfg = Debug|Any CPU
		{CF0D353A-6292-4AB7-ABCD-8E4829AB4ACA}.Debug|Any CPU.Build.0 = Debug|Any CPU
		{CF0D353A-6292-4AB7-ABCD-8E4829AB4ACA}.Release|Any CPU.ActiveCfg = Release|Any CPU
		{CF0D353A-6292-4AB7-ABCD-8E4829AB4ACA}.Release|Any CPU.Build.0 = Release|Any CPU
		{4CEADC6C-70E9-4425-AEC5-356DF9E30A76}.Debug|Any CPU.ActiveCfg = Debug|Any CPU
		{4CEADC6C-70E9-4425-AEC5-356DF9E30A76}.Debug|Any CPU.Build.0 = Debug|Any CPU
		{4CEADC6C-70E9-4425-AEC5-356DF9E30A76}.Release|Any CPU.ActiveCfg = Release|Any CPU
		{4CEADC6C-70E9-4425-AEC5-356DF9E30A76}.Release|Any CPU.Build.0 = Release|Any CPU
		{4D87C79F-3A75-4787-BB0A-2546C04D00E3}.Debug|Any CPU.ActiveCfg = Debug|Any CPU
		{4D87C79F-3A75-4787-BB0A-2546C04D00E3}.Debug|Any CPU.Build.0 = Debug|Any CPU
		{4D87C79F-3A75-4787-BB0A-2546C04D00E3}.Release|Any CPU.ActiveCfg = Release|Any CPU
		{4D87C79F-3A75-4787-BB0A-2546C04D00E3}.Release|Any CPU.Build.0 = Release|Any CPU
		{BB129DB4-1AD9-4E21-820F-EB972109126F}.Debug|Any CPU.ActiveCfg = Debug|Any CPU
		{BB129DB4-1AD9-4E21-820F-EB972109126F}.Debug|Any CPU.Build.0 = Debug|Any CPU
		{BB129DB4-1AD9-4E21-820F-EB972109126F}.Release|Any CPU.ActiveCfg = Release|Any CPU
		{BB129DB4-1AD9-4E21-820F-EB972109126F}.Release|Any CPU.Build.0 = Release|Any CPU
		{7E7B966E-17C4-4EE9-BDE6-60102FE7C9E4}.Debug|Any CPU.ActiveCfg = Debug|Any CPU
		{7E7B966E-17C4-4EE9-BDE6-60102FE7C9E4}.Debug|Any CPU.Build.0 = Debug|Any CPU
		{7E7B966E-17C4-4EE9-BDE6-60102FE7C9E4}.Release|Any CPU.ActiveCfg = Release|Any CPU
		{7E7B966E-17C4-4EE9-BDE6-60102FE7C9E4}.Release|Any CPU.Build.0 = Release|Any CPU
		{2A163ED0-4ED7-4D1B-9F90-20FD5F2F2C66}.Debug|Any CPU.ActiveCfg = Debug|Any CPU
		{2A163ED0-4ED7-4D1B-9F90-20FD5F2F2C66}.Debug|Any CPU.Build.0 = Debug|Any CPU
		{2A163ED0-4ED7-4D1B-9F90-20FD5F2F2C66}.Release|Any CPU.ActiveCfg = Release|Any CPU
		{2A163ED0-4ED7-4D1B-9F90-20FD5F2F2C66}.Release|Any CPU.Build.0 = Release|Any CPU
		{74F8ACF9-9FD4-4B1B-A4BE-B854DDE06B00}.Debug|Any CPU.ActiveCfg = Debug|Any CPU
		{74F8ACF9-9FD4-4B1B-A4BE-B854DDE06B00}.Debug|Any CPU.Build.0 = Debug|Any CPU
		{74F8ACF9-9FD4-4B1B-A4BE-B854DDE06B00}.Release|Any CPU.ActiveCfg = Release|Any CPU
		{74F8ACF9-9FD4-4B1B-A4BE-B854DDE06B00}.Release|Any CPU.Build.0 = Release|Any CPU
		{48AC9FE3-FA76-4577-84F7-EBDF103970CB}.Debug|Any CPU.ActiveCfg = Debug|Any CPU
		{48AC9FE3-FA76-4577-84F7-EBDF103970CB}.Debug|Any CPU.Build.0 = Debug|Any CPU
		{48AC9FE3-FA76-4577-84F7-EBDF103970CB}.Release|Any CPU.ActiveCfg = Release|Any CPU
		{48AC9FE3-FA76-4577-84F7-EBDF103970CB}.Release|Any CPU.Build.0 = Release|Any CPU
		{31730CFD-92A5-43F5-9301-87AB28A76895}.Debug|Any CPU.ActiveCfg = Debug|Any CPU
		{31730CFD-92A5-43F5-9301-87AB28A76895}.Debug|Any CPU.Build.0 = Debug|Any CPU
		{31730CFD-92A5-43F5-9301-87AB28A76895}.Release|Any CPU.ActiveCfg = Release|Any CPU
		{31730CFD-92A5-43F5-9301-87AB28A76895}.Release|Any CPU.Build.0 = Release|Any CPU
		{146A26AE-53FE-4799-92BA-06D2716A39DC}.Debug|Any CPU.ActiveCfg = Debug|Any CPU
		{146A26AE-53FE-4799-92BA-06D2716A39DC}.Debug|Any CPU.Build.0 = Debug|Any CPU
		{146A26AE-53FE-4799-92BA-06D2716A39DC}.Release|Any CPU.ActiveCfg = Release|Any CPU
		{146A26AE-53FE-4799-92BA-06D2716A39DC}.Release|Any CPU.Build.0 = Release|Any CPU
	EndGlobalSection
	GlobalSection(SolutionProperties) = preSolution
		HideSolutionNode = FALSE
	EndGlobalSection
	GlobalSection(ExtensibilityGlobals) = postSolution
		SolutionGuid = {4B0BD2E8-C56D-4AB2-B3BE-44A2E74AE4F7}
	EndGlobalSection
EndGlobal
